
Microsoft Visual Studio Solution File, Format Version 12.00
# Visual Studio 15
Project("{FAE04EC0-301F-11D3-BF4B-00C04F79EFBC}") = "Assembly-CSharp", "Assembly-CSharp.csproj", "{5DE1BBBE-F896-2575-FD50-2E0F4CDE9DEC}"
EndProject
Global
	GlobalSection(SolutionConfigurationPlatforms) = preSolution
		Debug|Any CPU = Debug|Any CPU
		Release|Any CPU = Release|Any CPU
	EndGlobalSection
	GlobalSection(ProjectConfigurationPlatforms) = postSolution
		{5DE1BBBE-F896-2575-FD50-2E0F4CDE9DEC}.Debug|Any CPU.ActiveCfg = Debug|Any CPU
		{5DE1BBBE-F896-2575-FD50-2E0F4CDE9DEC}.Debug|Any CPU.Build.0 = Debug|Any CPU
		{5DE1BBBE-F896-2575-FD50-2E0F4CDE9DEC}.Release|Any CPU.ActiveCfg = Release|Any CPU
		{5DE1BBBE-F896-2575-FD50-2E0F4CDE9DEC}.Release|Any CPU.Build.0 = Release|Any CPU
	EndGlobalSection
	GlobalSection(SolutionProperties) = preSolution
		HideSolutionNode = FALSE
	EndGlobalSection
EndGlobal
